// !$*UTF8*$!
{
	archiveVersion = 1;
	classes = {
	};
	objectVersion = 46;
	objects = {

/* Begin PBXBuildFile section */
		0CE5E28EE90C0D90A8E312E0 /* libPods-UICollectionViewWorkshopTests.a in Frameworks */ = {isa = PBXBuildFile; fileRef = C07E95A142AAD6A9418F80BD /* libPods-UICollectionViewWorkshopTests.a */; };
		431FE9AF1AD2F4050099DB7B /* CalendarCollectionViewLayout.m in Sources */ = {isa = PBXBuildFile; fileRef = 431FE9AD1AD2F4050099DB7B /* CalendarCollectionViewLayout.m */; };
		431FE9B41AD2F4320099DB7B /* BeadView.m in Sources */ = {isa = PBXBuildFile; fileRef = 431FE9B01AD2F4320099DB7B /* BeadView.m */; };
		431FE9B51AD2F4320099DB7B /* SeparatorView.m in Sources */ = {isa = PBXBuildFile; fileRef = 431FE9B21AD2F4320099DB7B /* SeparatorView.m */; };
		431FE9B81AD2F46E0099DB7B /* CalendarLayoutAttributes.m in Sources */ = {isa = PBXBuildFile; fileRef = 431FE9B61AD2F46E0099DB7B /* CalendarLayoutAttributes.m */; };
		431FE9BD1AD2F66C0099DB7B /* CalendarEventsProvider.m in Sources */ = {isa = PBXBuildFile; fileRef = 431FE9B91AD2F66C0099DB7B /* CalendarEventsProvider.m */; };
		431FE9BE1AD2F66C0099DB7B /* ExampleCalendarEvent.m in Sources */ = {isa = PBXBuildFile; fileRef = 431FE9BB1AD2F66C0099DB7B /* ExampleCalendarEvent.m */; };
		431FE9C11AD2F6970099DB7B /* CalendarCollectionViewCell.m in Sources */ = {isa = PBXBuildFile; fileRef = 431FE9BF1AD2F6970099DB7B /* CalendarCollectionViewCell.m */; };
		51043066B9A5F08FBA1A4387 /* StreamItemTransformer.m in Sources */ = {isa = PBXBuildFile; fileRef = 510430FBDA40F6BFF19EBCD5 /* StreamItemTransformer.m */; };
		5104307402FA2BDA2A5E3668 /* PhotoStreamViewControllerSpec.m in Sources */ = {isa = PBXBuildFile; fileRef = 51043D5A7ACF39BB172C270E /* PhotoStreamViewControllerSpec.m */; };
		510430CB905269641AC639F1 /* StreamItemUploader.m in Sources */ = {isa = PBXBuildFile; fileRef = 51043F02674B9355374670C9 /* StreamItemUploader.m */; };
		510431402D5A5CE3BD822955 /* ImageResizer.m in Sources */ = {isa = PBXBuildFile; fileRef = 510436E1AD26E20613D913A7 /* ImageResizer.m */; };
		510431F55466141ED87AD9BE /* StreamItemPreviewViewController.m in Sources */ = {isa = PBXBuildFile; fileRef = 51043B34F597E81385E648CF /* StreamItemPreviewViewController.m */; };
		510432C37C8B3CE25A3733C6 /* ConfigurationFactory.m in Sources */ = {isa = PBXBuildFile; fileRef = 5104388F6E4183A44691835D /* ConfigurationFactory.m */; };
		5104353B8C2F1B5FB56BB7E6 /* StreamItemPreviewViewControllerSpec.m in Sources */ = {isa = PBXBuildFile; fileRef = 510431B1CC9E1F59FADDF1EF /* StreamItemPreviewViewControllerSpec.m */; };
		5104380F6ECF25F455410B27 /* StreamItemCreator.m in Sources */ = {isa = PBXBuildFile; fileRef = 51043BCD2C0969342D447145 /* StreamItemCreator.m */; };
		51043822B6D4BA5874E0A2F0 /* Configurator.m in Sources */ = {isa = PBXBuildFile; fileRef = 5104377ED6A446BAFF080C47 /* Configurator.m */; };
		510439B7ECF0880D69DAE47D /* StreamItemDownloader.m in Sources */ = {isa = PBXBuildFile; fileRef = 510439708484FAEEDDD36758 /* StreamItemDownloader.m */; };
		51043D28E7943AFCF173E483 /* PhotoStreamViewController.m in Sources */ = {isa = PBXBuildFile; fileRef = 51043408DFAF68BB6514A4F4 /* PhotoStreamViewController.m */; };
		51043E600F1B9215BDD9BB61 /* PhotoStreamLayout.m in Sources */ = {isa = PBXBuildFile; fileRef = 51043E430B6E7119BB5F140D /* PhotoStreamLayout.m */; };
		51043EBDE2F53E8DDA7E2844 /* PhotoStreamCell.m in Sources */ = {isa = PBXBuildFile; fileRef = 510437BD27C2A8D1B1CC4AF5 /* PhotoStreamCell.m */; };
		51043EE482F303BAC596B8DA /* Localizable.strings in Resources */ = {isa = PBXBuildFile; fileRef = 510431CE755A2F38DAA5E0BF /* Localizable.strings */; };
		51043F03A21CF6BD35B6F5DF /* StreamItem.m in Sources */ = {isa = PBXBuildFile; fileRef = 5104305E0B9136A77CFAC18E /* StreamItem.m */; };
		51043F042A7454963EF793BE /* GdanskConfiguration.m in Sources */ = {isa = PBXBuildFile; fileRef = 510439ECD8EC7FA7A4691E66 /* GdanskConfiguration.m */; };
		8108600E663E5630C4F42409 /* sp_3-03.jpg in Resources */ = {isa = PBXBuildFile; fileRef = 810862D7528CC5CA5330B476 /* sp_3-03.jpg */; };
		810860475EC25CD24D05153D /* PhoneRootTabBarController.m in Sources */ = {isa = PBXBuildFile; fileRef = 8108605A6E72E491C9611B40 /* PhoneRootTabBarController.m */; };
		810861114B8FF68800335A8A /* sp_45-12.jpg in Resources */ = {isa = PBXBuildFile; fileRef = 81086486E93A796DD0397EBE /* sp_45-12.jpg */; };
		8108614C7D30D24431925898 /* SpeakerCollectionViewCell.m in Sources */ = {isa = PBXBuildFile; fileRef = 81086225D43D669C0428417E /* SpeakerCollectionViewCell.m */; };
		81086170A71C2A9E2EF190B3 /* sp_1-01.jpg in Resources */ = {isa = PBXBuildFile; fileRef = 8108695564A3BA07D7957107 /* sp_1-01.jpg */; };
		810861E5845F80CF942181A9 /* sp_6-05.jpg in Resources */ = {isa = PBXBuildFile; fileRef = 8108609DEDBC2BBDE44519FA /* sp_6-05.jpg */; };
		810863031A87FF827A43C2D5 /* SpeakerItem.m in Sources */ = {isa = PBXBuildFile; fileRef = 81086850AA82D7C2DA5D01AD /* SpeakerItem.m */; };
		81086318A391B191475AE203 /* UIColor+Workshop.m in Sources */ = {isa = PBXBuildFile; fileRef = 81086392463E51F9F75F1243 /* UIColor+Workshop.m */; };
		81086454C66FD2F83A0739EE /* sp_4-08.jpg in Resources */ = {isa = PBXBuildFile; fileRef = 81086A710B11405B1252BF03 /* sp_4-08.jpg */; };
		810864D235A8C7778AD7F7B8 /* SpeakersViewController.m in Sources */ = {isa = PBXBuildFile; fileRef = 81086EED136EBB398BD31B5E /* SpeakersViewController.m */; };
		8108659555BB329D11D70537 /* sp_2-07.jpg in Resources */ = {isa = PBXBuildFile; fileRef = 810865C3794522BF22360EBA /* sp_2-07.jpg */; };
		81086635C7DB849E89D3CF62 /* sp_5-09.jpg in Resources */ = {isa = PBXBuildFile; fileRef = 810864D9393B03849CC90070 /* sp_5-09.jpg */; };
		81086678A6B28A847CEA9B43 /* UICollectionViewFlowLayout+SpeakersLayouts.m in Sources */ = {isa = PBXBuildFile; fileRef = 810865C1BC4235194261F4CA /* UICollectionViewFlowLayout+SpeakersLayouts.m */; };
		81086755ECF8915D7D6ECD3A /* dudek.jpg in Resources */ = {isa = PBXBuildFile; fileRef = 81086EF85DAEC9E8D184BD00 /* dudek.jpg */; };
		810867A63660D2FE2DFF7B0F /* sp_41-10.jpg in Resources */ = {isa = PBXBuildFile; fileRef = 810862D5C3FB4D905A7BD699 /* sp_41-10.jpg */; };
		81086834C5DB5A9E84FCA6C8 /* sp_1-06.jpg in Resources */ = {isa = PBXBuildFile; fileRef = 81086ABC73E2AC7081DCD5C4 /* sp_1-06.jpg */; };
		81086881364A8F7E2CC1028D /* oczko.jpg in Resources */ = {isa = PBXBuildFile; fileRef = 810868FE61E186E6EAFC175B /* oczko.jpg */; };
		8108689DE6B20021C54CEBFF /* sp_46-11.jpg in Resources */ = {isa = PBXBuildFile; fileRef = 8108668E947CA47A1F124899 /* sp_46-11.jpg */; };
		810869DCFD6638B9D65B5C59 /* sp_2-02.jpg in Resources */ = {isa = PBXBuildFile; fileRef = 810862EEECBCCBAE53EF99D9 /* sp_2-02.jpg */; };
		81086A5259AC88AFA9DE4547 /* wijas.jpg in Resources */ = {isa = PBXBuildFile; fileRef = 81086BBF3C84AF9BFC915C69 /* wijas.jpg */; };
		81086A52D6416FD444C77AF2 /* zubala.jpg in Resources */ = {isa = PBXBuildFile; fileRef = 8108668D7BC937799C5A8C31 /* zubala.jpg */; };
		81086AE55B74556DD7325F4A /* UINavigationController+Utilities.m in Sources */ = {isa = PBXBuildFile; fileRef = 81086DC925E7B10209B0C900 /* UINavigationController+Utilities.m */; };
		81086BA5B8E73F54385028B1 /* SpeakersDataSource.m in Sources */ = {isa = PBXBuildFile; fileRef = 8108685E9516D8C4DEEC0940 /* SpeakersDataSource.m */; };
		81086D74BA0A9B9552EC96D9 /* sp_5-04.jpg in Resources */ = {isa = PBXBuildFile; fileRef = 81086407E224A9D80A4DD614 /* sp_5-04.jpg */; };
		81086EEC247EB337DDF51858 /* CarouselViewController.m in Sources */ = {isa = PBXBuildFile; fileRef = 81086CB20810D2B420B9E4B5 /* CarouselViewController.m */; };
		945E9F3D1AD446A500A68D35 /* UIKit.framework in Frameworks */ = {isa = PBXBuildFile; fileRef = 945E9F3C1AD446A500A68D35 /* UIKit.framework */; };
		945E9F3F1AD446A900A68D35 /* Foundation.framework in Frameworks */ = {isa = PBXBuildFile; fileRef = 945E9F3E1AD446A900A68D35 /* Foundation.framework */; };
		94F794C31C5CAA52000E18AA /* Launch Screen.storyboard in Resources */ = {isa = PBXBuildFile; fileRef = 94F794C21C5CAA52000E18AA /* Launch Screen.storyboard */; };
		972A359A1137D63A3C6F3FBC /* libPods.a in Frameworks */ = {isa = PBXBuildFile; fileRef = 6D63FB47D33D3F9EF6E8F593 /* libPods.a */; };
		A107AB501AC4A12500C6C6A2 /* main.m in Sources */ = {isa = PBXBuildFile; fileRef = A107AB4F1AC4A12500C6C6A2 /* main.m */; };
		A107AB531AC4A12500C6C6A2 /* AppDelegate.m in Sources */ = {isa = PBXBuildFile; fileRef = A107AB521AC4A12500C6C6A2 /* AppDelegate.m */; };
		A107AB6A1AC4A12500C6C6A2 /* UICollectionViewWorkshopTests.m in Sources */ = {isa = PBXBuildFile; fileRef = A107AB691AC4A12500C6C6A2 /* UICollectionViewWorkshopTests.m */; };
		A165BC111AC4A9D000B1C426 /* Images.xcassets in Resources */ = {isa = PBXBuildFile; fileRef = A165BC101AC4A9D000B1C426 /* Images.xcassets */; };
		A165BC131AC4AD3300B1C426 /* Default-568h@2x.png in Resources */ = {isa = PBXBuildFile; fileRef = A165BC121AC4AD3300B1C426 /* Default-568h@2x.png */; };
		B27A9114E34BE1439A2B4D7B /* PadRootTabBarController.m in Sources */ = {isa = PBXBuildFile; fileRef = B27A9DFBBB77588197DEFCF7 /* PadRootTabBarController.m */; };
		B27A9125E44405F09B5D1085 /* CarouselCollectionViewLayout.m in Sources */ = {isa = PBXBuildFile; fileRef = B27A99FF9D051930F7C31F3E /* CarouselCollectionViewLayout.m */; };
		B27A97EE43C0402C16FE76CA /* CalendarViewController.m in Sources */ = {isa = PBXBuildFile; fileRef = B27A926E6558D226200BF1CC /* CalendarViewController.m */; };
/* End PBXBuildFile section */

/* Begin PBXContainerItemProxy section */
		A107AB641AC4A12500C6C6A2 /* PBXContainerItemProxy */ = {
			isa = PBXContainerItemProxy;
			containerPortal = A107AB421AC4A12500C6C6A2 /* Project object */;
			proxyType = 1;
			remoteGlobalIDString = A107AB491AC4A12500C6C6A2;
			remoteInfo = UICollectionViewWorkshop;
		};
/* End PBXContainerItemProxy section */

/* Begin PBXFileReference section */
		431FE9AD1AD2F4050099DB7B /* CalendarCollectionViewLayout.m */ = {isa = PBXFileReference; fileEncoding = 4; lastKnownFileType = sourcecode.c.objc; path = CalendarCollectionViewLayout.m; sourceTree = "<group>"; };
		431FE9AE1AD2F4050099DB7B /* CalendarCollectionViewLayout.h */ = {isa = PBXFileReference; fileEncoding = 4; lastKnownFileType = sourcecode.c.h; path = CalendarCollectionViewLayout.h; sourceTree = "<group>"; };
		431FE9B01AD2F4320099DB7B /* BeadView.m */ = {isa = PBXFileReference; fileEncoding = 4; lastKnownFileType = sourcecode.c.objc; path = BeadView.m; sourceTree = "<group>"; };
		431FE9B11AD2F4320099DB7B /* BeadView.h */ = {isa = PBXFileReference; fileEncoding = 4; lastKnownFileType = sourcecode.c.h; path = BeadView.h; sourceTree = "<group>"; };
		431FE9B21AD2F4320099DB7B /* SeparatorView.m */ = {isa = PBXFileReference; fileEncoding = 4; lastKnownFileType = sourcecode.c.objc; path = SeparatorView.m; sourceTree = "<group>"; };
		431FE9B31AD2F4320099DB7B /* SeparatorView.h */ = {isa = PBXFileReference; fileEncoding = 4; lastKnownFileType = sourcecode.c.h; path = SeparatorView.h; sourceTree = "<group>"; };
		431FE9B61AD2F46E0099DB7B /* CalendarLayoutAttributes.m */ = {isa = PBXFileReference; fileEncoding = 4; lastKnownFileType = sourcecode.c.objc; path = CalendarLayoutAttributes.m; sourceTree = "<group>"; };
		431FE9B71AD2F46E0099DB7B /* CalendarLayoutAttributes.h */ = {isa = PBXFileReference; fileEncoding = 4; lastKnownFileType = sourcecode.c.h; path = CalendarLayoutAttributes.h; sourceTree = "<group>"; };
		431FE9B91AD2F66C0099DB7B /* CalendarEventsProvider.m */ = {isa = PBXFileReference; fileEncoding = 4; lastKnownFileType = sourcecode.c.objc; path = CalendarEventsProvider.m; sourceTree = "<group>"; };
		431FE9BA1AD2F66C0099DB7B /* CalendarEventsProvider.h */ = {isa = PBXFileReference; fileEncoding = 4; lastKnownFileType = sourcecode.c.h; path = CalendarEventsProvider.h; sourceTree = "<group>"; };
		431FE9BB1AD2F66C0099DB7B /* ExampleCalendarEvent.m */ = {isa = PBXFileReference; fileEncoding = 4; lastKnownFileType = sourcecode.c.objc; path = ExampleCalendarEvent.m; sourceTree = "<group>"; };
		431FE9BC1AD2F66C0099DB7B /* ExampleCalendarEvent.h */ = {isa = PBXFileReference; fileEncoding = 4; lastKnownFileType = sourcecode.c.h; path = ExampleCalendarEvent.h; sourceTree = "<group>"; };
		431FE9BF1AD2F6970099DB7B /* CalendarCollectionViewCell.m */ = {isa = PBXFileReference; fileEncoding = 4; lastKnownFileType = sourcecode.c.objc; path = CalendarCollectionViewCell.m; sourceTree = "<group>"; };
		431FE9C01AD2F6970099DB7B /* CalendarCollectionViewCell.h */ = {isa = PBXFileReference; fileEncoding = 4; lastKnownFileType = sourcecode.c.h; path = CalendarCollectionViewCell.h; sourceTree = "<group>"; };
		4A5A0EE556C5D9E2E4DFB2E0 /* Pods-UICollectionViewWorkshopTests.release.xcconfig */ = {isa = PBXFileReference; includeInIndex = 1; lastKnownFileType = text.xcconfig; name = "Pods-UICollectionViewWorkshopTests.release.xcconfig"; path = "Pods/Target Support Files/Pods-UICollectionViewWorkshopTests/Pods-UICollectionViewWorkshopTests.release.xcconfig"; sourceTree = "<group>"; };
		5104305E0B9136A77CFAC18E /* StreamItem.m */ = {isa = PBXFileReference; fileEncoding = 4; lastKnownFileType = sourcecode.c.objc; path = StreamItem.m; sourceTree = "<group>"; };
		510430FBDA40F6BFF19EBCD5 /* StreamItemTransformer.m */ = {isa = PBXFileReference; fileEncoding = 4; lastKnownFileType = sourcecode.c.objc; path = StreamItemTransformer.m; sourceTree = "<group>"; };
		510431885F81B54FAA88F548 /* StreamItemUploader.h */ = {isa = PBXFileReference; fileEncoding = 4; lastKnownFileType = sourcecode.c.h; path = StreamItemUploader.h; sourceTree = "<group>"; };
		510431B1CC9E1F59FADDF1EF /* StreamItemPreviewViewControllerSpec.m */ = {isa = PBXFileReference; fileEncoding = 4; lastKnownFileType = sourcecode.c.objc; path = StreamItemPreviewViewControllerSpec.m; sourceTree = "<group>"; };
		510431CE755A2F38DAA5E0BF /* Localizable.strings */ = {isa = PBXFileReference; fileEncoding = 4; lastKnownFileType = text.plist.strings; name = Localizable.strings; path = "Classes/Photo Stream/Localizable.strings"; sourceTree = "<group>"; };
		51043408DFAF68BB6514A4F4 /* PhotoStreamViewController.m */ = {isa = PBXFileReference; fileEncoding = 4; lastKnownFileType = sourcecode.c.objc; path = PhotoStreamViewController.m; sourceTree = "<group>"; };
		5104358D27A204333C3A1943 /* Configurator.h */ = {isa = PBXFileReference; fileEncoding = 4; lastKnownFileType = sourcecode.c.h; path = Configurator.h; sourceTree = "<group>"; };
		5104368814B61694473240F9 /* StreamItem.h */ = {isa = PBXFileReference; fileEncoding = 4; lastKnownFileType = sourcecode.c.h; path = StreamItem.h; sourceTree = "<group>"; };
		510436E1AD26E20613D913A7 /* ImageResizer.m */ = {isa = PBXFileReference; fileEncoding = 4; lastKnownFileType = sourcecode.c.objc; path = ImageResizer.m; sourceTree = "<group>"; };
		5104377ED6A446BAFF080C47 /* Configurator.m */ = {isa = PBXFileReference; fileEncoding = 4; lastKnownFileType = sourcecode.c.objc; path = Configurator.m; sourceTree = "<group>"; };
		510437BD27C2A8D1B1CC4AF5 /* PhotoStreamCell.m */ = {isa = PBXFileReference; fileEncoding = 4; lastKnownFileType = sourcecode.c.objc; path = PhotoStreamCell.m; sourceTree = "<group>"; };
		5104385FA199CEE4403F3B5F /* Specs.h */ = {isa = PBXFileReference; fileEncoding = 4; lastKnownFileType = sourcecode.c.h; path = Specs.h; sourceTree = "<group>"; };
		5104388F6E4183A44691835D /* ConfigurationFactory.m */ = {isa = PBXFileReference; fileEncoding = 4; lastKnownFileType = sourcecode.c.objc; path = ConfigurationFactory.m; sourceTree = "<group>"; };
		510438CF164155B6ED7F3A96 /* GdanskConfiguration.h */ = {isa = PBXFileReference; fileEncoding = 4; lastKnownFileType = sourcecode.c.h; path = GdanskConfiguration.h; sourceTree = "<group>"; };
		510438F5C657C6D2CF63BC1A /* StreamItemPreviewViewController.h */ = {isa = PBXFileReference; fileEncoding = 4; lastKnownFileType = sourcecode.c.h; path = StreamItemPreviewViewController.h; sourceTree = "<group>"; };
		5104394C122B8F689E7CF549 /* StreamItemCreator.h */ = {isa = PBXFileReference; fileEncoding = 4; lastKnownFileType = sourcecode.c.h; path = StreamItemCreator.h; sourceTree = "<group>"; };
		510439708484FAEEDDD36758 /* StreamItemDownloader.m */ = {isa = PBXFileReference; fileEncoding = 4; lastKnownFileType = sourcecode.c.objc; path = StreamItemDownloader.m; sourceTree = "<group>"; };
		510439ECD8EC7FA7A4691E66 /* GdanskConfiguration.m */ = {isa = PBXFileReference; fileEncoding = 4; lastKnownFileType = sourcecode.c.objc; path = GdanskConfiguration.m; sourceTree = "<group>"; };
		51043A3D1C6F63B4237E6D9C /* PhotoStreamCell.h */ = {isa = PBXFileReference; fileEncoding = 4; lastKnownFileType = sourcecode.c.h; path = PhotoStreamCell.h; sourceTree = "<group>"; };
		51043A6CFD385632BA60148C /* PhotoStreamLayout.h */ = {isa = PBXFileReference; fileEncoding = 4; lastKnownFileType = sourcecode.c.h; path = PhotoStreamLayout.h; sourceTree = "<group>"; };
		51043B13C1DF0426DC2989CB /* ConfigurationFactory.h */ = {isa = PBXFileReference; fileEncoding = 4; lastKnownFileType = sourcecode.c.h; path = ConfigurationFactory.h; sourceTree = "<group>"; };
		51043B34F597E81385E648CF /* StreamItemPreviewViewController.m */ = {isa = PBXFileReference; fileEncoding = 4; lastKnownFileType = sourcecode.c.objc; path = StreamItemPreviewViewController.m; sourceTree = "<group>"; };
		51043B57BFD3720CB8C8777B /* Configuration.h */ = {isa = PBXFileReference; fileEncoding = 4; lastKnownFileType = sourcecode.c.h; path = Configuration.h; sourceTree = "<group>"; };
		51043BCD2C0969342D447145 /* StreamItemCreator.m */ = {isa = PBXFileReference; fileEncoding = 4; lastKnownFileType = sourcecode.c.objc; path = StreamItemCreator.m; sourceTree = "<group>"; };
		51043BDB159F535D37E29B50 /* PhotoStreamViewController.h */ = {isa = PBXFileReference; fileEncoding = 4; lastKnownFileType = sourcecode.c.h; path = PhotoStreamViewController.h; sourceTree = "<group>"; };
		51043CC5C9E773A769025E52 /* ImageResizer.h */ = {isa = PBXFileReference; fileEncoding = 4; lastKnownFileType = sourcecode.c.h; path = ImageResizer.h; sourceTree = "<group>"; };
		51043D5A7ACF39BB172C270E /* PhotoStreamViewControllerSpec.m */ = {isa = PBXFileReference; fileEncoding = 4; lastKnownFileType = sourcecode.c.objc; path = PhotoStreamViewControllerSpec.m; sourceTree = "<group>"; };
		51043DB2799F9F230351BB79 /* StreamItemTransformer.h */ = {isa = PBXFileReference; fileEncoding = 4; lastKnownFileType = sourcecode.c.h; path = StreamItemTransformer.h; sourceTree = "<group>"; };
		51043E430B6E7119BB5F140D /* PhotoStreamLayout.m */ = {isa = PBXFileReference; fileEncoding = 4; lastKnownFileType = sourcecode.c.objc; path = PhotoStreamLayout.m; sourceTree = "<group>"; };
		51043E77440F1D644772D7AB /* StreamItemDownloader.h */ = {isa = PBXFileReference; fileEncoding = 4; lastKnownFileType = sourcecode.c.h; path = StreamItemDownloader.h; sourceTree = "<group>"; };
		51043F02674B9355374670C9 /* StreamItemUploader.m */ = {isa = PBXFileReference; fileEncoding = 4; lastKnownFileType = sourcecode.c.objc; path = StreamItemUploader.m; sourceTree = "<group>"; };
		5F83237D24FA322A87506174 /* Pods.release.xcconfig */ = {isa = PBXFileReference; includeInIndex = 1; lastKnownFileType = text.xcconfig; name = Pods.release.xcconfig; path = "Pods/Target Support Files/Pods/Pods.release.xcconfig"; sourceTree = "<group>"; };
		6D63FB47D33D3F9EF6E8F593 /* libPods.a */ = {isa = PBXFileReference; explicitFileType = archive.ar; includeInIndex = 0; path = libPods.a; sourceTree = BUILT_PRODUCTS_DIR; };
		8108605A6E72E491C9611B40 /* PhoneRootTabBarController.m */ = {isa = PBXFileReference; fileEncoding = 4; lastKnownFileType = sourcecode.c.objc; path = PhoneRootTabBarController.m; sourceTree = "<group>"; };
		8108609DEDBC2BBDE44519FA /* sp_6-05.jpg */ = {isa = PBXFileReference; lastKnownFileType = image.jpeg; path = "sp_6-05.jpg"; sourceTree = "<group>"; };
		81086225D43D669C0428417E /* SpeakerCollectionViewCell.m */ = {isa = PBXFileReference; fileEncoding = 4; lastKnownFileType = sourcecode.c.objc; path = SpeakerCollectionViewCell.m; sourceTree = "<group>"; };
		81086272E41ADA7B8B749177 /* CarouselViewController.h */ = {isa = PBXFileReference; fileEncoding = 4; lastKnownFileType = sourcecode.c.h; path = CarouselViewController.h; sourceTree = "<group>"; };
		810862D5C3FB4D905A7BD699 /* sp_41-10.jpg */ = {isa = PBXFileReference; lastKnownFileType = image.jpeg; path = "sp_41-10.jpg"; sourceTree = "<group>"; };
		810862D7528CC5CA5330B476 /* sp_3-03.jpg */ = {isa = PBXFileReference; lastKnownFileType = image.jpeg; path = "sp_3-03.jpg"; sourceTree = "<group>"; };
		810862EEECBCCBAE53EF99D9 /* sp_2-02.jpg */ = {isa = PBXFileReference; lastKnownFileType = image.jpeg; path = "sp_2-02.jpg"; sourceTree = "<group>"; };
		81086385AF0944159256EB94 /* UICollectionViewWorkshop.pch */ = {isa = PBXFileReference; fileEncoding = 4; lastKnownFileType = sourcecode.c.h; path = UICollectionViewWorkshop.pch; sourceTree = "<group>"; };
		81086392463E51F9F75F1243 /* UIColor+Workshop.m */ = {isa = PBXFileReference; fileEncoding = 4; lastKnownFileType = sourcecode.c.objc; path = "UIColor+Workshop.m"; sourceTree = "<group>"; };
		81086407E224A9D80A4DD614 /* sp_5-04.jpg */ = {isa = PBXFileReference; lastKnownFileType = image.jpeg; path = "sp_5-04.jpg"; sourceTree = "<group>"; };
		8108645FAD3DF2C72F156A41 /* UINavigationController+Utilities.h */ = {isa = PBXFileReference; fileEncoding = 4; lastKnownFileType = sourcecode.c.h; path = "UINavigationController+Utilities.h"; sourceTree = "<group>"; };
		81086486E93A796DD0397EBE /* sp_45-12.jpg */ = {isa = PBXFileReference; lastKnownFileType = image.jpeg; path = "sp_45-12.jpg"; sourceTree = "<group>"; };
		810864D9393B03849CC90070 /* sp_5-09.jpg */ = {isa = PBXFileReference; lastKnownFileType = image.jpeg; path = "sp_5-09.jpg"; sourceTree = "<group>"; };
		81086502E20936B3A79FD082 /* PhoneRootTabBarController.h */ = {isa = PBXFileReference; fileEncoding = 4; lastKnownFileType = sourcecode.c.h; path = PhoneRootTabBarController.h; sourceTree = "<group>"; };
		810865833353B83549EF880A /* UIColor+Workshop.h */ = {isa = PBXFileReference; fileEncoding = 4; lastKnownFileType = sourcecode.c.h; path = "UIColor+Workshop.h"; sourceTree = "<group>"; };
		810865C1BC4235194261F4CA /* UICollectionViewFlowLayout+SpeakersLayouts.m */ = {isa = PBXFileReference; fileEncoding = 4; lastKnownFileType = sourcecode.c.objc; path = "UICollectionViewFlowLayout+SpeakersLayouts.m"; sourceTree = "<group>"; };
		810865C3794522BF22360EBA /* sp_2-07.jpg */ = {isa = PBXFileReference; lastKnownFileType = image.jpeg; path = "sp_2-07.jpg"; sourceTree = "<group>"; };
		8108667B10FE6FACD9248BDE /* SpeakerCollectionViewCell.h */ = {isa = PBXFileReference; fileEncoding = 4; lastKnownFileType = sourcecode.c.h; path = SpeakerCollectionViewCell.h; sourceTree = "<group>"; };
		8108668D7BC937799C5A8C31 /* zubala.jpg */ = {isa = PBXFileReference; lastKnownFileType = image.jpeg; path = zubala.jpg; sourceTree = "<group>"; };
		8108668E947CA47A1F124899 /* sp_46-11.jpg */ = {isa = PBXFileReference; lastKnownFileType = image.jpeg; path = "sp_46-11.jpg"; sourceTree = "<group>"; };
		810866E17A3856BDB745016C /* SpeakersDataSource.h */ = {isa = PBXFileReference; fileEncoding = 4; lastKnownFileType = sourcecode.c.h; path = SpeakersDataSource.h; sourceTree = "<group>"; };
		810867F02C6C67D3993063E6 /* SpeakersViewController.h */ = {isa = PBXFileReference; fileEncoding = 4; lastKnownFileType = sourcecode.c.h; path = SpeakersViewController.h; sourceTree = "<group>"; };
		81086850AA82D7C2DA5D01AD /* SpeakerItem.m */ = {isa = PBXFileReference; fileEncoding = 4; lastKnownFileType = sourcecode.c.objc; path = SpeakerItem.m; sourceTree = "<group>"; };
		8108685E9516D8C4DEEC0940 /* SpeakersDataSource.m */ = {isa = PBXFileReference; fileEncoding = 4; lastKnownFileType = sourcecode.c.objc; path = SpeakersDataSource.m; sourceTree = "<group>"; };
		810868FE61E186E6EAFC175B /* oczko.jpg */ = {isa = PBXFileReference; lastKnownFileType = image.jpeg; path = oczko.jpg; sourceTree = "<group>"; };
		8108695564A3BA07D7957107 /* sp_1-01.jpg */ = {isa = PBXFileReference; lastKnownFileType = image.jpeg; path = "sp_1-01.jpg"; sourceTree = "<group>"; };
		81086A710B11405B1252BF03 /* sp_4-08.jpg */ = {isa = PBXFileReference; lastKnownFileType = image.jpeg; path = "sp_4-08.jpg"; sourceTree = "<group>"; };
		81086ABC73E2AC7081DCD5C4 /* sp_1-06.jpg */ = {isa = PBXFileReference; lastKnownFileType = image.jpeg; path = "sp_1-06.jpg"; sourceTree = "<group>"; };
		81086B9404D08143A9057878 /* SpeakerItem.h */ = {isa = PBXFileReference; fileEncoding = 4; lastKnownFileType = sourcecode.c.h; path = SpeakerItem.h; sourceTree = "<group>"; };
		81086BBF3C84AF9BFC915C69 /* wijas.jpg */ = {isa = PBXFileReference; lastKnownFileType = image.jpeg; path = wijas.jpg; sourceTree = "<group>"; };
		81086CB20810D2B420B9E4B5 /* CarouselViewController.m */ = {isa = PBXFileReference; fileEncoding = 4; lastKnownFileType = sourcecode.c.objc; path = CarouselViewController.m; sourceTree = "<group>"; };
		81086DC925E7B10209B0C900 /* UINavigationController+Utilities.m */ = {isa = PBXFileReference; fileEncoding = 4; lastKnownFileType = sourcecode.c.objc; path = "UINavigationController+Utilities.m"; sourceTree = "<group>"; };
		81086EAF7E866036D0A0C3F0 /* UICollectionViewFlowLayout+SpeakersLayouts.h */ = {isa = PBXFileReference; fileEncoding = 4; lastKnownFileType = sourcecode.c.h; path = "UICollectionViewFlowLayout+SpeakersLayouts.h"; sourceTree = "<group>"; };
		81086EED136EBB398BD31B5E /* SpeakersViewController.m */ = {isa = PBXFileReference; fileEncoding = 4; lastKnownFileType = sourcecode.c.objc; path = SpeakersViewController.m; sourceTree = "<group>"; };
		81086EF85DAEC9E8D184BD00 /* dudek.jpg */ = {isa = PBXFileReference; lastKnownFileType = image.jpeg; path = dudek.jpg; sourceTree = "<group>"; };
		945E9F3C1AD446A500A68D35 /* UIKit.framework */ = {isa = PBXFileReference; lastKnownFileType = wrapper.framework; name = UIKit.framework; path = System/Library/Frameworks/UIKit.framework; sourceTree = SDKROOT; };
		945E9F3E1AD446A900A68D35 /* Foundation.framework */ = {isa = PBXFileReference; lastKnownFileType = wrapper.framework; name = Foundation.framework; path = System/Library/Frameworks/Foundation.framework; sourceTree = SDKROOT; };
		94F794C21C5CAA52000E18AA /* Launch Screen.storyboard */ = {isa = PBXFileReference; fileEncoding = 4; lastKnownFileType = file.storyboard; path = "Launch Screen.storyboard"; sourceTree = "<group>"; };
		A107AB4A1AC4A12500C6C6A2 /* UICollectionViewWorkshop.app */ = {isa = PBXFileReference; explicitFileType = wrapper.application; includeInIndex = 0; path = UICollectionViewWorkshop.app; sourceTree = BUILT_PRODUCTS_DIR; };
		A107AB4E1AC4A12500C6C6A2 /* Info.plist */ = {isa = PBXFileReference; lastKnownFileType = text.plist.xml; path = Info.plist; sourceTree = "<group>"; };
		A107AB4F1AC4A12500C6C6A2 /* main.m */ = {isa = PBXFileReference; lastKnownFileType = sourcecode.c.objc; path = main.m; sourceTree = "<group>"; };
		A107AB511AC4A12500C6C6A2 /* AppDelegate.h */ = {isa = PBXFileReference; lastKnownFileType = sourcecode.c.h; path = AppDelegate.h; sourceTree = "<group>"; };
		A107AB521AC4A12500C6C6A2 /* AppDelegate.m */ = {isa = PBXFileReference; lastKnownFileType = sourcecode.c.objc; path = AppDelegate.m; sourceTree = "<group>"; };
		A107AB631AC4A12500C6C6A2 /* UICollectionViewWorkshopTests.xctest */ = {isa = PBXFileReference; explicitFileType = wrapper.cfbundle; includeInIndex = 0; path = UICollectionViewWorkshopTests.xctest; sourceTree = BUILT_PRODUCTS_DIR; };
		A107AB681AC4A12500C6C6A2 /* Info.plist */ = {isa = PBXFileReference; lastKnownFileType = text.plist.xml; path = Info.plist; sourceTree = "<group>"; };
		A107AB691AC4A12500C6C6A2 /* UICollectionViewWorkshopTests.m */ = {isa = PBXFileReference; lastKnownFileType = sourcecode.c.objc; path = UICollectionViewWorkshopTests.m; sourceTree = "<group>"; };
		A165BC101AC4A9D000B1C426 /* Images.xcassets */ = {isa = PBXFileReference; lastKnownFileType = folder.assetcatalog; path = Images.xcassets; sourceTree = "<group>"; };
		A165BC121AC4AD3300B1C426 /* Default-568h@2x.png */ = {isa = PBXFileReference; lastKnownFileType = image.png; path = "Default-568h@2x.png"; sourceTree = "<group>"; };
		B27A926E6558D226200BF1CC /* CalendarViewController.m */ = {isa = PBXFileReference; fileEncoding = 4; lastKnownFileType = sourcecode.c.objc; path = CalendarViewController.m; sourceTree = "<group>"; };
		B27A9372924624A31DDC0759 /* CarouselCollectionViewLayout.h */ = {isa = PBXFileReference; fileEncoding = 4; lastKnownFileType = sourcecode.c.h; path = CarouselCollectionViewLayout.h; sourceTree = "<group>"; };
		B27A965D36C1263B078D0B71 /* PadRootTabBarController.h */ = {isa = PBXFileReference; fileEncoding = 4; lastKnownFileType = sourcecode.c.h; path = PadRootTabBarController.h; sourceTree = "<group>"; };
		B27A99FF9D051930F7C31F3E /* CarouselCollectionViewLayout.m */ = {isa = PBXFileReference; fileEncoding = 4; lastKnownFileType = sourcecode.c.objc; path = CarouselCollectionViewLayout.m; sourceTree = "<group>"; };
		B27A9DFBBB77588197DEFCF7 /* PadRootTabBarController.m */ = {isa = PBXFileReference; fileEncoding = 4; lastKnownFileType = sourcecode.c.objc; path = PadRootTabBarController.m; sourceTree = "<group>"; };
		B27A9F954F8C01C56EC1C937 /* CalendarViewController.h */ = {isa = PBXFileReference; fileEncoding = 4; lastKnownFileType = sourcecode.c.h; path = CalendarViewController.h; sourceTree = "<group>"; };
		C07E95A142AAD6A9418F80BD /* libPods-UICollectionViewWorkshopTests.a */ = {isa = PBXFileReference; explicitFileType = archive.ar; includeInIndex = 0; path = "libPods-UICollectionViewWorkshopTests.a"; sourceTree = BUILT_PRODUCTS_DIR; };
		C5CB5E4C40FD9D655EB2F1EA /* Pods-UICollectionViewWorkshopTests.debug.xcconfig */ = {isa = PBXFileReference; includeInIndex = 1; lastKnownFileType = text.xcconfig; name = "Pods-UICollectionViewWorkshopTests.debug.xcconfig"; path = "Pods/Target Support Files/Pods-UICollectionViewWorkshopTests/Pods-UICollectionViewWorkshopTests.debug.xcconfig"; sourceTree = "<group>"; };
		C9A4360CBAAB3C3CED5C7599 /* Pods.debug.xcconfig */ = {isa = PBXFileReference; includeInIndex = 1; lastKnownFileType = text.xcconfig; name = Pods.debug.xcconfig; path = "Pods/Target Support Files/Pods/Pods.debug.xcconfig"; sourceTree = "<group>"; };
/* End PBXFileReference section */

/* Begin PBXFrameworksBuildPhase section */
		A107AB471AC4A12500C6C6A2 /* Frameworks */ = {
			isa = PBXFrameworksBuildPhase;
			buildActionMask = 2147483647;
			files = (
				972A359A1137D63A3C6F3FBC /* libPods.a in Frameworks */,
			);
			runOnlyForDeploymentPostprocessing = 0;
		};
		A107AB601AC4A12500C6C6A2 /* Frameworks */ = {
			isa = PBXFrameworksBuildPhase;
			buildActionMask = 2147483647;
			files = (
				945E9F3F1AD446A900A68D35 /* Foundation.framework in Frameworks */,
				945E9F3D1AD446A500A68D35 /* UIKit.framework in Frameworks */,
				0CE5E28EE90C0D90A8E312E0 /* libPods-UICollectionViewWorkshopTests.a in Frameworks */,
			);
			runOnlyForDeploymentPostprocessing = 0;
		};
/* End PBXFrameworksBuildPhase section */

/* Begin PBXGroup section */
		3DC256B370953765D6110802 /* Pods */ = {
			isa = PBXGroup;
			children = (
				C9A4360CBAAB3C3CED5C7599 /* Pods.debug.xcconfig */,
				5F83237D24FA322A87506174 /* Pods.release.xcconfig */,
				C5CB5E4C40FD9D655EB2F1EA /* Pods-UICollectionViewWorkshopTests.debug.xcconfig */,
				4A5A0EE556C5D9E2E4DFB2E0 /* Pods-UICollectionViewWorkshopTests.release.xcconfig */,
			);
			name = Pods;
			sourceTree = "<group>";
		};
		51043104B168F81C4CD3391C /* Photo Stream */ = {
			isa = PBXGroup;
			children = (
				5104323AF8B9A4F726640DD6 /* UI */,
				51043F651AAED53747F3C0F0 /* Model */,
				510439DDF95332A035712C83 /* Preview */,
				51043BDB159F535D37E29B50 /* PhotoStreamViewController.h */,
				51043408DFAF68BB6514A4F4 /* PhotoStreamViewController.m */,
				51043D5A7ACF39BB172C270E /* PhotoStreamViewControllerSpec.m */,
			);
			path = "Photo Stream";
			sourceTree = "<group>";
		};
		5104323AF8B9A4F726640DD6 /* UI */ = {
			isa = PBXGroup;
			children = (
				51043A3D1C6F63B4237E6D9C /* PhotoStreamCell.h */,
				510437BD27C2A8D1B1CC4AF5 /* PhotoStreamCell.m */,
				51043A6CFD385632BA60148C /* PhotoStreamLayout.h */,
				51043E430B6E7119BB5F140D /* PhotoStreamLayout.m */,
			);
			path = UI;
			sourceTree = "<group>";
		};
		510432E5B13408F147BB831F /* Configurations */ = {
			isa = PBXGroup;
			children = (
				510438CF164155B6ED7F3A96 /* GdanskConfiguration.h */,
				510439ECD8EC7FA7A4691E66 /* GdanskConfiguration.m */,
			);
			path = Configurations;
			sourceTree = "<group>";
		};
		5104364DEC1BD385C029F8BA /* App Configuration */ = {
			isa = PBXGroup;
			children = (
				510432E5B13408F147BB831F /* Configurations */,
				5104358D27A204333C3A1943 /* Configurator.h */,
				5104377ED6A446BAFF080C47 /* Configurator.m */,
				51043B57BFD3720CB8C8777B /* Configuration.h */,
				51043B13C1DF0426DC2989CB /* ConfigurationFactory.h */,
				5104388F6E4183A44691835D /* ConfigurationFactory.m */,
			);
			path = "App Configuration";
			sourceTree = "<group>";
		};
		510439DDF95332A035712C83 /* Preview */ = {
			isa = PBXGroup;
			children = (
				510438F5C657C6D2CF63BC1A /* StreamItemPreviewViewController.h */,
				51043B34F597E81385E648CF /* StreamItemPreviewViewController.m */,
				510431B1CC9E1F59FADDF1EF /* StreamItemPreviewViewControllerSpec.m */,
			);
			path = Preview;
			sourceTree = "<group>";
		};
		51043F651AAED53747F3C0F0 /* Model */ = {
			isa = PBXGroup;
			children = (
				5104368814B61694473240F9 /* StreamItem.h */,
				5104305E0B9136A77CFAC18E /* StreamItem.m */,
				5104394C122B8F689E7CF549 /* StreamItemCreator.h */,
				51043BCD2C0969342D447145 /* StreamItemCreator.m */,
				510431885F81B54FAA88F548 /* StreamItemUploader.h */,
				51043F02674B9355374670C9 /* StreamItemUploader.m */,
				51043E77440F1D644772D7AB /* StreamItemDownloader.h */,
				510439708484FAEEDDD36758 /* StreamItemDownloader.m */,
				51043DB2799F9F230351BB79 /* StreamItemTransformer.h */,
				510430FBDA40F6BFF19EBCD5 /* StreamItemTransformer.m */,
			);
			path = Model;
			sourceTree = "<group>";
		};
		8108635CD52DF2195051533A /* NavigationController */ = {
			isa = PBXGroup;
			children = (
				81086DC925E7B10209B0C900 /* UINavigationController+Utilities.m */,
				8108645FAD3DF2C72F156A41 /* UINavigationController+Utilities.h */,
			);
			path = NavigationController;
			sourceTree = "<group>";
		};
		8108649CEDED17A5B408F232 /* Classes */ = {
			isa = PBXGroup;
			children = (
				B27A95C09D6248AA00BB1726 /* Calendar */,
				81086DDEAEE41DBD94D72E3A /* Carousel */,
				81086E2785581C556E5AA1F7 /* Speakers */,
				81086B8EAFE8CB1B4AF8A955 /* TabBarControllers */,
				81086A28AE1D249787AB5E04 /* Utils */,
				51043104B168F81C4CD3391C /* Photo Stream */,
				5104364DEC1BD385C029F8BA /* App Configuration */,
			);
			path = Classes;
			sourceTree = "<group>";
		};
		81086541DAA1FE3CB7F858A7 /* Resources */ = {
			isa = PBXGroup;
			children = (
				810868FE61E186E6EAFC175B /* oczko.jpg */,
				81086EF85DAEC9E8D184BD00 /* dudek.jpg */,
				8108668D7BC937799C5A8C31 /* zubala.jpg */,
				81086BBF3C84AF9BFC915C69 /* wijas.jpg */,
				81086486E93A796DD0397EBE /* sp_45-12.jpg */,
				810865C3794522BF22360EBA /* sp_2-07.jpg */,
				81086A710B11405B1252BF03 /* sp_4-08.jpg */,
				810864D9393B03849CC90070 /* sp_5-09.jpg */,
				810862D5C3FB4D905A7BD699 /* sp_41-10.jpg */,
				8108668E947CA47A1F124899 /* sp_46-11.jpg */,
				81086ABC73E2AC7081DCD5C4 /* sp_1-06.jpg */,
				810862EEECBCCBAE53EF99D9 /* sp_2-02.jpg */,
				810862D7528CC5CA5330B476 /* sp_3-03.jpg */,
				81086407E224A9D80A4DD614 /* sp_5-04.jpg */,
				8108609DEDBC2BBDE44519FA /* sp_6-05.jpg */,
				8108695564A3BA07D7957107 /* sp_1-01.jpg */,
			);
			path = Resources;
			sourceTree = "<group>";
		};
		810867E437CF331CF4072D62 /* DataSource */ = {
			isa = PBXGroup;
			children = (
				81086850AA82D7C2DA5D01AD /* SpeakerItem.m */,
				810866E17A3856BDB745016C /* SpeakersDataSource.h */,
				81086B9404D08143A9057878 /* SpeakerItem.h */,
				8108685E9516D8C4DEEC0940 /* SpeakersDataSource.m */,
			);
			path = DataSource;
			sourceTree = "<group>";
		};
		81086A28AE1D249787AB5E04 /* Utils */ = {
			isa = PBXGroup;
			children = (
				81086A4914FB7A50079DBA5C /* Colors */,
				8108635CD52DF2195051533A /* NavigationController */,
				51043CC5C9E773A769025E52 /* ImageResizer.h */,
				510436E1AD26E20613D913A7 /* ImageResizer.m */,
			);
			path = Utils;
			sourceTree = "<group>";
		};
		81086A4914FB7A50079DBA5C /* Colors */ = {
			isa = PBXGroup;
			children = (
				81086392463E51F9F75F1243 /* UIColor+Workshop.m */,
				810865833353B83549EF880A /* UIColor+Workshop.h */,
			);
			path = Colors;
			sourceTree = "<group>";
		};
		81086B8EAFE8CB1B4AF8A955 /* TabBarControllers */ = {
			isa = PBXGroup;
			children = (
				8108605A6E72E491C9611B40 /* PhoneRootTabBarController.m */,
				81086502E20936B3A79FD082 /* PhoneRootTabBarController.h */,
				B27A9DFBBB77588197DEFCF7 /* PadRootTabBarController.m */,
				B27A965D36C1263B078D0B71 /* PadRootTabBarController.h */,
			);
			path = TabBarControllers;
			sourceTree = "<group>";
		};
		81086BA6B7905A2221798746 /* Layouts */ = {
			isa = PBXGroup;
			children = (
				810865C1BC4235194261F4CA /* UICollectionViewFlowLayout+SpeakersLayouts.m */,
				81086EAF7E866036D0A0C3F0 /* UICollectionViewFlowLayout+SpeakersLayouts.h */,
			);
			path = Layouts;
			sourceTree = "<group>";
		};
		81086DDEAEE41DBD94D72E3A /* Carousel */ = {
			isa = PBXGroup;
			children = (
				81086CB20810D2B420B9E4B5 /* CarouselViewController.m */,
				81086272E41ADA7B8B749177 /* CarouselViewController.h */,
				B27A9E861813A535898BDA64 /* Layout */,
			);
			path = Carousel;
			sourceTree = "<group>";
		};
		81086E2785581C556E5AA1F7 /* Speakers */ = {
			isa = PBXGroup;
			children = (
				81086EED136EBB398BD31B5E /* SpeakersViewController.m */,
				810867F02C6C67D3993063E6 /* SpeakersViewController.h */,
				81086541DAA1FE3CB7F858A7 /* Resources */,
				810867E437CF331CF4072D62 /* DataSource */,
				81086225D43D669C0428417E /* SpeakerCollectionViewCell.m */,
				8108667B10FE6FACD9248BDE /* SpeakerCollectionViewCell.h */,
				81086BA6B7905A2221798746 /* Layouts */,
			);
			path = Speakers;
			sourceTree = "<group>";
		};
		A107AB411AC4A12500C6C6A2 = {
			isa = PBXGroup;
			children = (
				A165BC121AC4AD3300B1C426 /* Default-568h@2x.png */,
				A107AB4C1AC4A12500C6C6A2 /* UICollectionViewWorkshop */,
				A107AB661AC4A12500C6C6A2 /* UICollectionViewWorkshopTests */,
				A107AB4B1AC4A12500C6C6A2 /* Products */,
				3DC256B370953765D6110802 /* Pods */,
				EB1DCB642705D9295AA31308 /* Frameworks */,
			);
			sourceTree = "<group>";
		};
		A107AB4B1AC4A12500C6C6A2 /* Products */ = {
			isa = PBXGroup;
			children = (
				A107AB4A1AC4A12500C6C6A2 /* UICollectionViewWorkshop.app */,
				A107AB631AC4A12500C6C6A2 /* UICollectionViewWorkshopTests.xctest */,
			);
			name = Products;
			sourceTree = "<group>";
		};
		A107AB4C1AC4A12500C6C6A2 /* UICollectionViewWorkshop */ = {
			isa = PBXGroup;
			children = (
				A107AB511AC4A12500C6C6A2 /* AppDelegate.h */,
				A107AB521AC4A12500C6C6A2 /* AppDelegate.m */,
				A107AB4D1AC4A12500C6C6A2 /* Supporting Files */,
				8108649CEDED17A5B408F232 /* Classes */,
				A165BC101AC4A9D000B1C426 /* Images.xcassets */,
				94F794C21C5CAA52000E18AA /* Launch Screen.storyboard */,
			);
			path = UICollectionViewWorkshop;
			sourceTree = "<group>";
		};
		A107AB4D1AC4A12500C6C6A2 /* Supporting Files */ = {
			isa = PBXGroup;
			children = (
				A107AB4E1AC4A12500C6C6A2 /* Info.plist */,
				A107AB4F1AC4A12500C6C6A2 /* main.m */,
				81086385AF0944159256EB94 /* UICollectionViewWorkshop.pch */,
				510431CE755A2F38DAA5E0BF /* Localizable.strings */,
			);
			name = "Supporting Files";
			sourceTree = "<group>";
		};
		A107AB661AC4A12500C6C6A2 /* UICollectionViewWorkshopTests */ = {
			isa = PBXGroup;
			children = (
				A107AB691AC4A12500C6C6A2 /* UICollectionViewWorkshopTests.m */,
				A107AB671AC4A12500C6C6A2 /* Supporting Files */,
				5104385FA199CEE4403F3B5F /* Specs.h */,
			);
			path = UICollectionViewWorkshopTests;
			sourceTree = "<group>";
		};
		A107AB671AC4A12500C6C6A2 /* Supporting Files */ = {
			isa = PBXGroup;
			children = (
				A107AB681AC4A12500C6C6A2 /* Info.plist */,
			);
			name = "Supporting Files";
			sourceTree = "<group>";
		};
		B27A90212ED461E9C4D90C72 /* Events */ = {
			isa = PBXGroup;
			children = (
				431FE9BA1AD2F66C0099DB7B /* CalendarEventsProvider.h */,
				431FE9B91AD2F66C0099DB7B /* CalendarEventsProvider.m */,
				431FE9BC1AD2F66C0099DB7B /* ExampleCalendarEvent.h */,
				431FE9BB1AD2F66C0099DB7B /* ExampleCalendarEvent.m */,
			);
			path = Events;
			sourceTree = "<group>";
		};
		B27A93A8CFAC0BF6A05B926D /* Attributes */ = {
			isa = PBXGroup;
			children = (
				431FE9B61AD2F46E0099DB7B /* CalendarLayoutAttributes.m */,
				431FE9B71AD2F46E0099DB7B /* CalendarLayoutAttributes.h */,
			);
			path = Attributes;
			sourceTree = "<group>";
		};
		B27A95C09D6248AA00BB1726 /* Calendar */ = {
			isa = PBXGroup;
			children = (
				B27A9F954F8C01C56EC1C937 /* CalendarViewController.h */,
				B27A926E6558D226200BF1CC /* CalendarViewController.m */,
				B27A90212ED461E9C4D90C72 /* Events */,
				B27A96C7B9D47A3EF1B1F580 /* Layout */,
				B27A9CD6BEB91CC44D0F649C /* Views */,
			);
			path = Calendar;
			sourceTree = "<group>";
		};
		B27A96C7B9D47A3EF1B1F580 /* Layout */ = {
			isa = PBXGroup;
			children = (
				B27A93A8CFAC0BF6A05B926D /* Attributes */,
				B27A9CBF0364790442C9E0CA /* Decoration Views */,
				431FE9AE1AD2F4050099DB7B /* CalendarCollectionViewLayout.h */,
				431FE9AD1AD2F4050099DB7B /* CalendarCollectionViewLayout.m */,
			);
			path = Layout;
			sourceTree = "<group>";
		};
		B27A9CBF0364790442C9E0CA /* Decoration Views */ = {
			isa = PBXGroup;
			children = (
				431FE9B11AD2F4320099DB7B /* BeadView.h */,
				431FE9B01AD2F4320099DB7B /* BeadView.m */,
				431FE9B31AD2F4320099DB7B /* SeparatorView.h */,
				431FE9B21AD2F4320099DB7B /* SeparatorView.m */,
			);
			path = "Decoration Views";
			sourceTree = "<group>";
		};
		B27A9CD6BEB91CC44D0F649C /* Views */ = {
			isa = PBXGroup;
			children = (
				431FE9C01AD2F6970099DB7B /* CalendarCollectionViewCell.h */,
				431FE9BF1AD2F6970099DB7B /* CalendarCollectionViewCell.m */,
			);
			path = Views;
			sourceTree = "<group>";
		};
		B27A9E861813A535898BDA64 /* Layout */ = {
			isa = PBXGroup;
			children = (
				B27A99FF9D051930F7C31F3E /* CarouselCollectionViewLayout.m */,
				B27A9372924624A31DDC0759 /* CarouselCollectionViewLayout.h */,
			);
			path = Layout;
			sourceTree = "<group>";
		};
		EB1DCB642705D9295AA31308 /* Frameworks */ = {
			isa = PBXGroup;
			children = (
				945E9F3E1AD446A900A68D35 /* Foundation.framework */,
				945E9F3C1AD446A500A68D35 /* UIKit.framework */,
				6D63FB47D33D3F9EF6E8F593 /* libPods.a */,
				C07E95A142AAD6A9418F80BD /* libPods-UICollectionViewWorkshopTests.a */,
			);
			name = Frameworks;
			sourceTree = "<group>";
		};
/* End PBXGroup section */

/* Begin PBXNativeTarget section */
		A107AB491AC4A12500C6C6A2 /* UICollectionViewWorkshop */ = {
			isa = PBXNativeTarget;
			buildConfigurationList = A107AB6D1AC4A12500C6C6A2 /* Build configuration list for PBXNativeTarget "UICollectionViewWorkshop" */;
			buildPhases = (
				8A3A4F8B4C5039A81779A15B /* Check Pods Manifest.lock */,
				A107AB461AC4A12500C6C6A2 /* Sources */,
				A107AB471AC4A12500C6C6A2 /* Frameworks */,
				A107AB481AC4A12500C6C6A2 /* Resources */,
				E2C323A4B8E15F5528F52D58 /* Copy Pods Resources */,
				42EEA4B93B82BE418968F880 /* Embed Pods Frameworks */,
			);
			buildRules = (
			);
			dependencies = (
			);
			name = UICollectionViewWorkshop;
			productName = UICollectionViewWorkshop;
			productReference = A107AB4A1AC4A12500C6C6A2 /* UICollectionViewWorkshop.app */;
			productType = "com.apple.product-type.application";
		};
		A107AB621AC4A12500C6C6A2 /* UICollectionViewWorkshopTests */ = {
			isa = PBXNativeTarget;
			buildConfigurationList = A107AB701AC4A12500C6C6A2 /* Build configuration list for PBXNativeTarget "UICollectionViewWorkshopTests" */;
			buildPhases = (
				D483AD152305B8B10E058737 /* Check Pods Manifest.lock */,
				A107AB5F1AC4A12500C6C6A2 /* Sources */,
				A107AB601AC4A12500C6C6A2 /* Frameworks */,
				A107AB611AC4A12500C6C6A2 /* Resources */,
				20A2E02A247E477295AFF801 /* Copy Pods Resources */,
				03DA155960264F192353FEDA /* Embed Pods Frameworks */,
			);
			buildRules = (
			);
			dependencies = (
				A107AB651AC4A12500C6C6A2 /* PBXTargetDependency */,
			);
			name = UICollectionViewWorkshopTests;
			productName = UICollectionViewWorkshopTests;
			productReference = A107AB631AC4A12500C6C6A2 /* UICollectionViewWorkshopTests.xctest */;
			productType = "com.apple.product-type.bundle.unit-test";
		};
/* End PBXNativeTarget section */

/* Begin PBXProject section */
		A107AB421AC4A12500C6C6A2 /* Project object */ = {
			isa = PBXProject;
			attributes = {
				LastUpgradeCheck = 0720;
				ORGANIZATIONNAME = "Mobile Academy";
				TargetAttributes = {
					A107AB491AC4A12500C6C6A2 = {
						CreatedOnToolsVersion = 6.2;
					};
					A107AB621AC4A12500C6C6A2 = {
						CreatedOnToolsVersion = 6.2;
						TestTargetID = A107AB491AC4A12500C6C6A2;
					};
				};
			};
			buildConfigurationList = A107AB451AC4A12500C6C6A2 /* Build configuration list for PBXProject "UICollectionViewWorkshop" */;
			compatibilityVersion = "Xcode 3.2";
			developmentRegion = English;
			hasScannedForEncodings = 0;
			knownRegions = (
				en,
				Base,
			);
			mainGroup = A107AB411AC4A12500C6C6A2;
			productRefGroup = A107AB4B1AC4A12500C6C6A2 /* Products */;
			projectDirPath = "";
			projectRoot = "";
			targets = (
				A107AB491AC4A12500C6C6A2 /* UICollectionViewWorkshop */,
				A107AB621AC4A12500C6C6A2 /* UICollectionViewWorkshopTests */,
			);
		};
/* End PBXProject section */

/* Begin PBXResourcesBuildPhase section */
		A107AB481AC4A12500C6C6A2 /* Resources */ = {
			isa = PBXResourcesBuildPhase;
			buildActionMask = 2147483647;
			files = (
				A165BC111AC4A9D000B1C426 /* Images.xcassets in Resources */,
				A165BC131AC4AD3300B1C426 /* Default-568h@2x.png in Resources */,
				81086881364A8F7E2CC1028D /* oczko.jpg in Resources */,
				81086755ECF8915D7D6ECD3A /* dudek.jpg in Resources */,
				81086A52D6416FD444C77AF2 /* zubala.jpg in Resources */,
				81086A5259AC88AFA9DE4547 /* wijas.jpg in Resources */,
				810861114B8FF68800335A8A /* sp_45-12.jpg in Resources */,
				8108659555BB329D11D70537 /* sp_2-07.jpg in Resources */,
				81086454C66FD2F83A0739EE /* sp_4-08.jpg in Resources */,
				81086635C7DB849E89D3CF62 /* sp_5-09.jpg in Resources */,
				810867A63660D2FE2DFF7B0F /* sp_41-10.jpg in Resources */,
				8108689DE6B20021C54CEBFF /* sp_46-11.jpg in Resources */,
				81086834C5DB5A9E84FCA6C8 /* sp_1-06.jpg in Resources */,
				810869DCFD6638B9D65B5C59 /* sp_2-02.jpg in Resources */,
				8108600E663E5630C4F42409 /* sp_3-03.jpg in Resources */,
				81086D74BA0A9B9552EC96D9 /* sp_5-04.jpg in Resources */,
				810861E5845F80CF942181A9 /* sp_6-05.jpg in Resources */,
				81086170A71C2A9E2EF190B3 /* sp_1-01.jpg in Resources */,
				94F794C31C5CAA52000E18AA /* Launch Screen.storyboard in Resources */,
				51043EE482F303BAC596B8DA /* Localizable.strings in Resources */,
			);
			runOnlyForDeploymentPostprocessing = 0;
		};
		A107AB611AC4A12500C6C6A2 /* Resources */ = {
			isa = PBXResourcesBuildPhase;
			buildActionMask = 2147483647;
			files = (
			);
			runOnlyForDeploymentPostprocessing = 0;
		};
/* End PBXResourcesBuildPhase section */

/* Begin PBXShellScriptBuildPhase section */
		03DA155960264F192353FEDA /* Embed Pods Frameworks */ = {
			isa = PBXShellScriptBuildPhase;
			buildActionMask = 2147483647;
			files = (
			);
			inputPaths = (
			);
			name = "Embed Pods Frameworks";
			outputPaths = (
			);
			runOnlyForDeploymentPostprocessing = 0;
			shellPath = /bin/sh;
			shellScript = "\"${SRCROOT}/Pods/Target Support Files/Pods-UICollectionViewWorkshopTests/Pods-UICollectionViewWorkshopTests-frameworks.sh\"\n";
			showEnvVarsInLog = 0;
		};
		20A2E02A247E477295AFF801 /* Copy Pods Resources */ = {
			isa = PBXShellScriptBuildPhase;
			buildActionMask = 2147483647;
			files = (
			);
			inputPaths = (
			);
			name = "Copy Pods Resources";
			outputPaths = (
			);
			runOnlyForDeploymentPostprocessing = 0;
			shellPath = /bin/sh;
			shellScript = "\"${SRCROOT}/Pods/Target Support Files/Pods-UICollectionViewWorkshopTests/Pods-UICollectionViewWorkshopTests-resources.sh\"\n";
			showEnvVarsInLog = 0;
		};
		42EEA4B93B82BE418968F880 /* Embed Pods Frameworks */ = {
			isa = PBXShellScriptBuildPhase;
			buildActionMask = 2147483647;
			files = (
			);
			inputPaths = (
			);
			name = "Embed Pods Frameworks";
			outputPaths = (
			);
			runOnlyForDeploymentPostprocessing = 0;
			shellPath = /bin/sh;
			shellScript = "\"${SRCROOT}/Pods/Target Support Files/Pods/Pods-frameworks.sh\"\n";
			showEnvVarsInLog = 0;
		};
		8A3A4F8B4C5039A81779A15B /* Check Pods Manifest.lock */ = {
			isa = PBXShellScriptBuildPhase;
			buildActionMask = 2147483647;
			files = (
			);
			inputPaths = (
			);
			name = "Check Pods Manifest.lock";
			outputPaths = (
			);
			runOnlyForDeploymentPostprocessing = 0;
			shellPath = /bin/sh;
			shellScript = "diff \"${PODS_ROOT}/../Podfile.lock\" \"${PODS_ROOT}/Manifest.lock\" > /dev/null\nif [[ $? != 0 ]] ; then\n    cat << EOM\nerror: The sandbox is not in sync with the Podfile.lock. Run 'pod install' or update your CocoaPods installation.\nEOM\n    exit 1\nfi\n";
			showEnvVarsInLog = 0;
		};
		D483AD152305B8B10E058737 /* Check Pods Manifest.lock */ = {
			isa = PBXShellScriptBuildPhase;
			buildActionMask = 2147483647;
			files = (
			);
			inputPaths = (
			);
			name = "Check Pods Manifest.lock";
			outputPaths = (
			);
			runOnlyForDeploymentPostprocessing = 0;
			shellPath = /bin/sh;
			shellScript = "diff \"${PODS_ROOT}/../Podfile.lock\" \"${PODS_ROOT}/Manifest.lock\" > /dev/null\nif [[ $? != 0 ]] ; then\n    cat << EOM\nerror: The sandbox is not in sync with the Podfile.lock. Run 'pod install' or update your CocoaPods installation.\nEOM\n    exit 1\nfi\n";
			showEnvVarsInLog = 0;
		};
		E2C323A4B8E15F5528F52D58 /* Copy Pods Resources */ = {
			isa = PBXShellScriptBuildPhase;
			buildActionMask = 2147483647;
			files = (
			);
			inputPaths = (
			);
			name = "Copy Pods Resources";
			outputPaths = (
			);
			runOnlyForDeploymentPostprocessing = 0;
			shellPath = /bin/sh;
			shellScript = "\"${SRCROOT}/Pods/Target Support Files/Pods/Pods-resources.sh\"\n";
			showEnvVarsInLog = 0;
		};
/* End PBXShellScriptBuildPhase section */

/* Begin PBXSourcesBuildPhase section */
		A107AB461AC4A12500C6C6A2 /* Sources */ = {
			isa = PBXSourcesBuildPhase;
			buildActionMask = 2147483647;
			files = (
				A107AB531AC4A12500C6C6A2 /* AppDelegate.m in Sources */,
				A107AB501AC4A12500C6C6A2 /* main.m in Sources */,
				810860475EC25CD24D05153D /* PhoneRootTabBarController.m in Sources */,
				810864D235A8C7778AD7F7B8 /* SpeakersViewController.m in Sources */,
				431FE9B51AD2F4320099DB7B /* SeparatorView.m in Sources */,
				431FE9B41AD2F4320099DB7B /* BeadView.m in Sources */,
				81086EEC247EB337DDF51858 /* CarouselViewController.m in Sources */,
				431FE9C11AD2F6970099DB7B /* CalendarCollectionViewCell.m in Sources */,
				431FE9B81AD2F46E0099DB7B /* CalendarLayoutAttributes.m in Sources */,
				431FE9BD1AD2F66C0099DB7B /* CalendarEventsProvider.m in Sources */,
				81086318A391B191475AE203 /* UIColor+Workshop.m in Sources */,
				431FE9BE1AD2F66C0099DB7B /* ExampleCalendarEvent.m in Sources */,
				81086AE55B74556DD7325F4A /* UINavigationController+Utilities.m in Sources */,
				810863031A87FF827A43C2D5 /* SpeakerItem.m in Sources */,
				81086BA5B8E73F54385028B1 /* SpeakersDataSource.m in Sources */,
				8108614C7D30D24431925898 /* SpeakerCollectionViewCell.m in Sources */,
				431FE9AF1AD2F4050099DB7B /* CalendarCollectionViewLayout.m in Sources */,
				B27A9114E34BE1439A2B4D7B /* PadRootTabBarController.m in Sources */,
				B27A97EE43C0402C16FE76CA /* CalendarViewController.m in Sources */,
				B27A9125E44405F09B5D1085 /* CarouselCollectionViewLayout.m in Sources */,
				510431402D5A5CE3BD822955 /* ImageResizer.m in Sources */,
				51043EBDE2F53E8DDA7E2844 /* PhotoStreamCell.m in Sources */,
				51043E600F1B9215BDD9BB61 /* PhotoStreamLayout.m in Sources */,
				51043F03A21CF6BD35B6F5DF /* StreamItem.m in Sources */,
				5104380F6ECF25F455410B27 /* StreamItemCreator.m in Sources */,
				510430CB905269641AC639F1 /* StreamItemUploader.m in Sources */,
				510439B7ECF0880D69DAE47D /* StreamItemDownloader.m in Sources */,
				51043066B9A5F08FBA1A4387 /* StreamItemTransformer.m in Sources */,
				510431F55466141ED87AD9BE /* StreamItemPreviewViewController.m in Sources */,
				51043D28E7943AFCF173E483 /* PhotoStreamViewController.m in Sources */,
				51043F042A7454963EF793BE /* GdanskConfiguration.m in Sources */,
				51043822B6D4BA5874E0A2F0 /* Configurator.m in Sources */,
				510432C37C8B3CE25A3733C6 /* ConfigurationFactory.m in Sources */,
				81086678A6B28A847CEA9B43 /* UICollectionViewFlowLayout+SpeakersLayouts.m in Sources */,
			);
			runOnlyForDeploymentPostprocessing = 0;
		};
		A107AB5F1AC4A12500C6C6A2 /* Sources */ = {
			isa = PBXSourcesBuildPhase;
			buildActionMask = 2147483647;
			files = (
				A107AB6A1AC4A12500C6C6A2 /* UICollectionViewWorkshopTests.m in Sources */,
				5104307402FA2BDA2A5E3668 /* PhotoStreamViewControllerSpec.m in Sources */,
				5104353B8C2F1B5FB56BB7E6 /* StreamItemPreviewViewControllerSpec.m in Sources */,
			);
			runOnlyForDeploymentPostprocessing = 0;
		};
/* End PBXSourcesBuildPhase section */

/* Begin PBXTargetDependency section */
		A107AB651AC4A12500C6C6A2 /* PBXTargetDependency */ = {
			isa = PBXTargetDependency;
			target = A107AB491AC4A12500C6C6A2 /* UICollectionViewWorkshop */;
			targetProxy = A107AB641AC4A12500C6C6A2 /* PBXContainerItemProxy */;
		};
/* End PBXTargetDependency section */

/* Begin XCBuildConfiguration section */
		A107AB6B1AC4A12500C6C6A2 /* Debug */ = {
			isa = XCBuildConfiguration;
			buildSettings = {
				ALWAYS_SEARCH_USER_PATHS = NO;
				CLANG_CXX_LANGUAGE_STANDARD = "gnu++0x";
				CLANG_CXX_LIBRARY = "libc++";
				CLANG_ENABLE_MODULES = YES;
				CLANG_ENABLE_OBJC_ARC = YES;
				CLANG_WARN_BOOL_CONVERSION = YES;
				CLANG_WARN_CONSTANT_CONVERSION = YES;
				CLANG_WARN_DIRECT_OBJC_ISA_USAGE = YES_ERROR;
				CLANG_WARN_EMPTY_BODY = YES;
				CLANG_WARN_ENUM_CONVERSION = YES;
				CLANG_WARN_INT_CONVERSION = YES;
				CLANG_WARN_OBJC_ROOT_CLASS = YES_ERROR;
				CLANG_WARN_UNREACHABLE_CODE = YES;
				CLANG_WARN__DUPLICATE_METHOD_MATCH = YES;
				"CODE_SIGN_IDENTITY[sdk=iphoneos*]" = "iPhone Developer";
				COPY_PHASE_STRIP = NO;
				ENABLE_STRICT_OBJC_MSGSEND = YES;
				ENABLE_TESTABILITY = YES;
				GCC_C_LANGUAGE_STANDARD = gnu99;
				GCC_DYNAMIC_NO_PIC = NO;
				GCC_OPTIMIZATION_LEVEL = 0;
				GCC_PREPROCESSOR_DEFINITIONS = (
					"DEBUG=1",
					"$(inherited)",
				);
				GCC_SYMBOLS_PRIVATE_EXTERN = NO;
				GCC_WARN_64_TO_32_BIT_CONVERSION = YES;
				GCC_WARN_ABOUT_RETURN_TYPE = YES_ERROR;
				GCC_WARN_UNDECLARED_SELECTOR = YES;
				GCC_WARN_UNINITIALIZED_AUTOS = YES_AGGRESSIVE;
				GCC_WARN_UNUSED_FUNCTION = YES;
				GCC_WARN_UNUSED_VARIABLE = YES;
				IPHONEOS_DEPLOYMENT_TARGET = 7.0;
				MTL_ENABLE_DEBUG_INFO = YES;
				ONLY_ACTIVE_ARCH = YES;
				SDKROOT = iphoneos;
				TARGETED_DEVICE_FAMILY = "1,2";
			};
			name = Debug;
		};
		A107AB6C1AC4A12500C6C6A2 /* Release */ = {
			isa = XCBuildConfiguration;
			buildSettings = {
				ALWAYS_SEARCH_USER_PATHS = NO;
				CLANG_CXX_LANGUAGE_STANDARD = "gnu++0x";
				CLANG_CXX_LIBRARY = "libc++";
				CLANG_ENABLE_MODULES = YES;
				CLANG_ENABLE_OBJC_ARC = YES;
				CLANG_WARN_BOOL_CONVERSION = YES;
				CLANG_WARN_CONSTANT_CONVERSION = YES;
				CLANG_WARN_DIRECT_OBJC_ISA_USAGE = YES_ERROR;
				CLANG_WARN_EMPTY_BODY = YES;
				CLANG_WARN_ENUM_CONVERSION = YES;
				CLANG_WARN_INT_CONVERSION = YES;
				CLANG_WARN_OBJC_ROOT_CLASS = YES_ERROR;
				CLANG_WARN_UNREACHABLE_CODE = YES;
				CLANG_WARN__DUPLICATE_METHOD_MATCH = YES;
				"CODE_SIGN_IDENTITY[sdk=iphoneos*]" = "iPhone Developer";
				COPY_PHASE_STRIP = NO;
				ENABLE_NS_ASSERTIONS = NO;
				ENABLE_STRICT_OBJC_MSGSEND = YES;
				GCC_C_LANGUAGE_STANDARD = gnu99;
				GCC_WARN_64_TO_32_BIT_CONVERSION = YES;
				GCC_WARN_ABOUT_RETURN_TYPE = YES_ERROR;
				GCC_WARN_UNDECLARED_SELECTOR = YES;
				GCC_WARN_UNINITIALIZED_AUTOS = YES_AGGRESSIVE;
				GCC_WARN_UNUSED_FUNCTION = YES;
				GCC_WARN_UNUSED_VARIABLE = YES;
				IPHONEOS_DEPLOYMENT_TARGET = 7.0;
				MTL_ENABLE_DEBUG_INFO = NO;
				SDKROOT = iphoneos;
				TARGETED_DEVICE_FAMILY = "1,2";
				VALIDATE_PRODUCT = YES;
			};
			name = Release;
		};
		A107AB6E1AC4A12500C6C6A2 /* Debug */ = {
			isa = XCBuildConfiguration;
			baseConfigurationReference = C9A4360CBAAB3C3CED5C7599 /* Pods.debug.xcconfig */;
			buildSettings = {
				ASSETCATALOG_COMPILER_APPICON_NAME = AppIcon;
				GCC_PREFIX_HEADER = "$(PROJECT_DIR)/UICollectionViewWorkshop/UICollectionViewWorkshop.pch";
				INFOPLIST_FILE = UICollectionViewWorkshop/Info.plist;
				LD_RUNPATH_SEARCH_PATHS = "$(inherited) @executable_path/Frameworks";
				PRODUCT_BUNDLE_IDENTIFIER = "io.mobile-academy.$(PRODUCT_NAME:rfc1034identifier)";
				PRODUCT_NAME = "$(TARGET_NAME)";
			};
			name = Debug;
		};
		A107AB6F1AC4A12500C6C6A2 /* Release */ = {
			isa = XCBuildConfiguration;
			baseConfigurationReference = 5F83237D24FA322A87506174 /* Pods.release.xcconfig */;
			buildSettings = {
				ASSETCATALOG_COMPILER_APPICON_NAME = AppIcon;
				GCC_PREFIX_HEADER = "$(PROJECT_DIR)/UICollectionViewWorkshop/UICollectionViewWorkshop.pch";
				INFOPLIST_FILE = UICollectionViewWorkshop/Info.plist;
				LD_RUNPATH_SEARCH_PATHS = "$(inherited) @executable_path/Frameworks";
				PRODUCT_BUNDLE_IDENTIFIER = "io.mobile-academy.$(PRODUCT_NAME:rfc1034identifier)";
				PRODUCT_NAME = "$(TARGET_NAME)";
			};
			name = Release;
		};
		A107AB711AC4A12500C6C6A2 /* Debug */ = {
			isa = XCBuildConfiguration;
			baseConfigurationReference = C5CB5E4C40FD9D655EB2F1EA /* Pods-UICollectionViewWorkshopTests.debug.xcconfig */;
			buildSettings = {
				BUNDLE_LOADER = "$(TEST_HOST)";
				FRAMEWORK_SEARCH_PATHS = (
					"$(SDKROOT)/Developer/Library/Frameworks",
					"$(inherited)",
				);
				GCC_PREPROCESSOR_DEFINITIONS = (
					"DEBUG=1",
					"$(inherited)",
				);
				INFOPLIST_FILE = UICollectionViewWorkshopTests/Info.plist;
				LD_RUNPATH_SEARCH_PATHS = "$(inherited) @executable_path/Frameworks @loader_path/Frameworks";
				PRODUCT_BUNDLE_IDENTIFIER = "io.mobile-academy.$(PRODUCT_NAME:rfc1034identifier)";
				PRODUCT_NAME = "$(TARGET_NAME)";
				TEST_HOST = "$(BUILT_PRODUCTS_DIR)/UICollectionViewWorkshop.app/UICollectionViewWorkshop";
			};
			name = Debug;
		};
		A107AB721AC4A12500C6C6A2 /* Release */ = {
			isa = XCBuildConfiguration;
			baseConfigurationReference = 4A5A0EE556C5D9E2E4DFB2E0 /* Pods-UICollectionViewWorkshopTests.release.xcconfig */;
			buildSettings = {
				BUNDLE_LOADER = "$(TEST_HOST)";
				FRAMEWORK_SEARCH_PATHS = (
					"$(SDKROOT)/Developer/Library/Frameworks",
					"$(inherited)",
				);
				INFOPLIST_FILE = UICollectionViewWorkshopTests/Info.plist;
				LD_RUNPATH_SEARCH_PATHS = "$(inherited) @executable_path/Frameworks @loader_path/Frameworks";
				PRODUCT_BUNDLE_IDENTIFIER = "io.mobile-academy.$(PRODUCT_NAME:rfc1034identifier)";
				PRODUCT_NAME = "$(TARGET_NAME)";
				TEST_HOST = "$(BUILT_PRODUCTS_DIR)/UICollectionViewWorkshop.app/UICollectionViewWorkshop";
			};
			name = Release;
		};
/* End XCBuildConfiguration section */

/* Begin XCConfigurationList section */
		A107AB451AC4A12500C6C6A2 /* Build configuration list for PBXProject "UICollectionViewWorkshop" */ = {
			isa = XCConfigurationList;
			buildConfigurations = (
				A107AB6B1AC4A12500C6C6A2 /* Debug */,
				A107AB6C1AC4A12500C6C6A2 /* Release */,
			);
			defaultConfigurationIsVisible = 0;
			defaultConfigurationName = Release;
		};
		A107AB6D1AC4A12500C6C6A2 /* Build configuration list for PBXNativeTarget "UICollectionViewWorkshop" */ = {
			isa = XCConfigurationList;
			buildConfigurations = (
				A107AB6E1AC4A12500C6C6A2 /* Debug */,
				A107AB6F1AC4A12500C6C6A2 /* Release */,
			);
			defaultConfigurationIsVisible = 0;
			defaultConfigurationName = Release;
		};
		A107AB701AC4A12500C6C6A2 /* Build configuration list for PBXNativeTarget "UICollectionViewWorkshopTests" */ = {
			isa = XCConfigurationList;
			buildConfigurations = (
				A107AB711AC4A12500C6C6A2 /* Debug */,
				A107AB721AC4A12500C6C6A2 /* Release */,
			);
			defaultConfigurationIsVisible = 0;
			defaultConfigurationName = Release;
		};
/* End XCConfigurationList section */
	};
	rootObject = A107AB421AC4A12500C6C6A2 /* Project object */;
}
